
Microsoft Visual Studio Solution File, Format Version 12.00
# 
Project("{FAE04EC0-301F-11D3-BF4B-00C04F79EFBC}") = "Anagram.Application", "Anagram.Application\Anagram.Application.csproj", "{0603830A-7514-4F8B-98A7-BA014CB3D292}"
EndProject
Project("{FAE04EC0-301F-11D3-BF4B-00C04F79EFBC}") = "Anagram.Application.Tests", "..\tests\Anagram.Application.Tests\Anagram.Application.Tests.csproj", "{A4E9AD77-C89F-42F9-824D-A9A543FC4D34}"
EndProject
Global
	GlobalSection(SolutionConfigurationPlatforms) = preSolution
		Debug|Any CPU = Debug|Any CPU
		Debug|x64 = Debug|x64
		Debug|x86 = Debug|x86
		Release|Any CPU = Release|Any CPU
		Release|x64 = Release|x64
		Release|x86 = Release|x86
	EndGlobalSection
	GlobalSection(ProjectConfigurationPlatforms) = postSolution
		{0603830A-7514-4F8B-98A7-BA014CB3D292}.Debug|Any CPU.ActiveCfg = Debug|Any CPU
		{0603830A-7514-4F8B-98A7-BA014CB3D292}.Debug|Any CPU.Build.0 = Debug|Any CPU
		{0603830A-7514-4F8B-98A7-BA014CB3D292}.Debug|x64.ActiveCfg = Debug|Any CPU
		{0603830A-7514-4F8B-98A7-BA014CB3D292}.Debug|x64.Build.0 = Debug|Any CPU
		{0603830A-7514-4F8B-98A7-BA014CB3D292}.Debug|x86.ActiveCfg = Debug|Any CPU
		{0603830A-7514-4F8B-98A7-BA014CB3D292}.Debug|x86.Build.0 = Debug|Any CPU
		{0603830A-7514-4F8B-98A7-BA014CB3D292}.Release|Any CPU.ActiveCfg = Release|Any CPU
		{0603830A-7514-4F8B-98A7-BA014CB3D292}.Release|Any CPU.Build.0 = Release|Any CPU
		{0603830A-7514-4F8B-98A7-BA014CB3D292}.Release|x64.ActiveCfg = Release|Any CPU
		{0603830A-7514-4F8B-98A7-BA014CB3D292}.Release|x64.Build.0 = Release|Any CPU
		{0603830A-7514-4F8B-98A7-BA014CB3D292}.Release|x86.ActiveCfg = Release|Any CPU
		{0603830A-7514-4F8B-98A7-BA014CB3D292}.Release|x86.Build.0 = Release|Any CPU
		{A4E9AD77-C89F-42F9-824D-A9A543FC4D34}.Debug|Any CPU.ActiveCfg = Debug|Any CPU
		{A4E9AD77-C89F-42F9-824D-A9A543FC4D34}.Debug|Any CPU.Build.0 = Debug|Any CPU
		{A4E9AD77-C89F-42F9-824D-A9A543FC4D34}.Debug|x64.ActiveCfg = Debug|Any CPU
		{A4E9AD77-C89F-42F9-824D-A9A543FC4D34}.Debug|x64.Build.0 = Debug|Any CPU
		{A4E9AD77-C89F-42F9-824D-A9A543FC4D34}.Debug|x86.ActiveCfg = Debug|Any CPU
		{A4E9AD77-C89F-42F9-824D-A9A543FC4D34}.Debug|x86.Build.0 = Debug|Any CPU
		{A4E9AD77-C89F-42F9-824D-A9A543FC4D34}.Release|Any CPU.ActiveCfg = Release|Any CPU
		{A4E9AD77-C89F-42F9-824D-A9A543FC4D34}.Release|Any CPU.Build.0 = Release|Any CPU
		{A4E9AD77-C89F-42F9-824D-A9A543FC4D34}.Release|x64.ActiveCfg = Release|Any CPU
		{A4E9AD77-C89F-42F9-824D-A9A543FC4D34}.Release|x64.Build.0 = Release|Any CPU
		{A4E9AD77-C89F-42F9-824D-A9A543FC4D34}.Release|x86.ActiveCfg = Release|Any CPU
		{A4E9AD77-C89F-42F9-824D-A9A543FC4D34}.Release|x86.Build.0 = Release|Any CPU
	EndGlobalSection
EndGlobal
